
Microsoft Visual Studio Solution File, Format Version 12.00
# Visual Studio Version 16
VisualStudioVersion = 16.0.30907.101
MinimumVisualStudioVersion = 10.0.40219.1
Project("{FAE04EC0-301F-11D3-BF4B-00C04F79EFBC}") = "ClassMetotDemo", "ClassMetotDemo\ClassMetotDemo.csproj", "{E039C528-6D24-4193-B032-058B4CEB5327}"
EndProject
Global
	GlobalSection(SolutionConfigurationPlatforms) = preSolution
		Debug|Any CPU = Debug|Any CPU
		Release|Any CPU = Release|Any CPU
	EndGlobalSection
	GlobalSection(ProjectConfigurationPlatforms) = postSolution
		{E039C528-6D24-4193-B032-058B4CEB5327}.Debug|Any CPU.ActiveCfg = Debug|Any CPU
		{E039C528-6D24-4193-B032-058B4CEB5327}.Debug|Any CPU.Build.0 = Debug|Any CPU
		{E039C528-6D24-4193-B032-058B4CEB5327}.Release|Any CPU.ActiveCfg = Release|Any CPU
		{E039C528-6D24-4193-B032-058B4CEB5327}.Release|Any CPU.Build.0 = Release|Any CPU
	EndGlobalSection
	GlobalSection(SolutionProperties) = preSolution
		HideSolutionNode = FALSE
	EndGlobalSection
	GlobalSection(ExtensibilityGlobals) = postSolution
		SolutionGuid = {5D8E6F21-7009-47BD-B45E-8DCFE442731A}
	EndGlobalSection
EndGlobal
